
Microsoft Visual Studio Solution File, Format Version 12.00
# Visual Studio Version 17
VisualStudioVersion = 17.0.31903.59
MinimumVisualStudioVersion = 10.0.40219.1
Project("{2150E333-8FDC-42A3-9474-1A3956D46DE8}") = "libs", "libs", "{C454BEB4-09CA-4191-AB67-7EEEDB3FE329}"
EndProject
Project("{FAE04EC0-301F-11D3-BF4B-00C04F79EFBC}") = "Newsroom.Contracts", "libs\Newsroom.Contracts\Newsroom.Contracts.csproj", "{C78D1955-2E42-4FDC-9549-3124FB9C6676}"
EndProject
Project("{FAE04EC0-301F-11D3-BF4B-00C04F79EFBC}") = "Newsroom.Agents", "libs\Newsroom.Agents\Newsroom.Agents.csproj", "{DD6842CD-D37A-453B-ABD1-E5765DC69B16}"
EndProject
Project("{FAE04EC0-301F-11D3-BF4B-00C04F79EFBC}") = "Newsroom.Cms", "libs\Newsroom.Cms\Newsroom.Cms.csproj", "{EB410F73-F889-4222-B90D-610191D10EAB}"
EndProject
Project("{2150E333-8FDC-42A3-9474-1A3956D46DE8}") = "apps", "apps", "{A26A84FC-06BF-45BA-B671-E0D9B96C7506}"
EndProject
Project("{2150E333-8FDC-42A3-9474-1A3956D46DE8}") = "editor-portal", "editor-portal", "{5E824384-7410-4261-9D4E-9F10C3AF1C56}"
EndProject
Project("{FAE04EC0-301F-11D3-BF4B-00C04F79EFBC}") = "EditorPortal", "apps\editor-portal\EditorPortal\EditorPortal.csproj", "{AFAE00E2-050E-4F42-BCEA-427BD560C20E}"
EndProject
Project("{2150E333-8FDC-42A3-9474-1A3956D46DE8}") = "agents", "agents", "{B5F7D07D-3B30-4626-9040-8588143C7BF5}"
EndProject
Project("{FAE04EC0-301F-11D3-BF4B-00C04F79EFBC}") = "PitchAgent", "apps\agents\PitchAgent\PitchAgent.csproj", "{78FA618E-5121-448C-96D7-78E5230967DB}"
EndProject
Project("{FAE04EC0-301F-11D3-BF4B-00C04F79EFBC}") = "AssignmentAgent", "apps\agents\AssignmentAgent\AssignmentAgent.csproj", "{1AFE1CDA-F93F-4C4E-99D0-E8BD0FB1387A}"
EndProject
Project("{FAE04EC0-301F-11D3-BF4B-00C04F79EFBC}") = "ReporterAgent", "apps\agents\ReporterAgent\ReporterAgent.csproj", "{A139D3D3-4981-4CDD-B069-659DDD05F56D}"
EndProject
Project("{FAE04EC0-301F-11D3-BF4B-00C04F79EFBC}") = "FactCheckAgent", "apps\agents\FactCheckAgent\FactCheckAgent.csproj", "{044511A3-E2FD-4052-B8FE-8DFC7196F78C}"
EndProject
Project("{FAE04EC0-301F-11D3-BF4B-00C04F79EFBC}") = "CopyEditAgent", "apps\agents\CopyEditAgent\CopyEditAgent.csproj", "{3CBD0DC9-A136-4C44-909C-464554DED451}"
EndProject
Project("{FAE04EC0-301F-11D3-BF4B-00C04F79EFBC}") = "SEOPackagingAgent", "apps\agents\SEOPackagingAgent\SEOPackagingAgent.csproj", "{7F925EFE-01CC-4EEF-8BF6-B1417B1FEFBE}"
EndProject
Project("{FAE04EC0-301F-11D3-BF4B-00C04F79EFBC}") = "VisualsAgent", "apps\agents\VisualsAgent\VisualsAgent.csproj", "{011AAA7B-1FFD-410C-A758-CF844DB35BAF}"
EndProject
Project("{FAE04EC0-301F-11D3-BF4B-00C04F79EFBC}") = "PublishAgent", "apps\agents\PublishAgent\PublishAgent.csproj", "{E1A40393-48C0-4135-AFFB-D6A5C7277869}"
EndProject
Project("{FAE04EC0-301F-11D3-BF4B-00C04F79EFBC}") = "DistributionAgent", "apps\agents\DistributionAgent\DistributionAgent.csproj", "{1142A246-8A95-4072-8C66-A91D17A49BDB}"
EndProject
Project("{FAE04EC0-301F-11D3-BF4B-00C04F79EFBC}") = "MonetizationAgent", "apps\agents\MonetizationAgent\MonetizationAgent.csproj", "{A4B0851B-92D8-407D-8A17-7D5738076526}"
EndProject
Project("{FAE04EC0-301F-11D3-BF4B-00C04F79EFBC}") = "AnalyticsAgent", "apps\agents\AnalyticsAgent\AnalyticsAgent.csproj", "{0BE4CA71-BC31-4C30-95F8-1E4E62AFB23B}"
EndProject
Project("{FAE04EC0-301F-11D3-BF4B-00C04F79EFBC}") = "ModerationAgent", "apps\agents\ModerationAgent\ModerationAgent.csproj", "{21F10304-8D0C-4B52-A1D8-0029CF2C75D5}"
EndProject
Project("{2150E333-8FDC-42A3-9474-1A3956D46DE8}") = "tests", "tests", "{634E1A55-C9D3-4273-AA46-8CEDEE204C79}"
EndProject
Project("{2150E333-8FDC-42A3-9474-1A3956D46DE8}") = "integration", "integration", "{F2DFF43D-B94E-40E6-A589-64CE538B671F}"
EndProject
Project("{FAE04EC0-301F-11D3-BF4B-00C04F79EFBC}") = "Newsroom.IntegrationTests", "tests\integration\Newsroom.IntegrationTests\Newsroom.IntegrationTests.csproj", "{38252584-86FA-477B-9085-0159953E6BB4}"
EndProject
Global
	GlobalSection(SolutionConfigurationPlatforms) = preSolution
		Debug|Any CPU = Debug|Any CPU
		Release|Any CPU = Release|Any CPU
	EndGlobalSection
	GlobalSection(SolutionProperties) = preSolution
		HideSolutionNode = FALSE
	EndGlobalSection
	GlobalSection(ProjectConfigurationPlatforms) = postSolution
		{C78D1955-2E42-4FDC-9549-3124FB9C6676}.Debug|Any CPU.ActiveCfg = Debug|Any CPU
		{C78D1955-2E42-4FDC-9549-3124FB9C6676}.Debug|Any CPU.Build.0 = Debug|Any CPU
		{C78D1955-2E42-4FDC-9549-3124FB9C6676}.Release|Any CPU.ActiveCfg = Release|Any CPU
		{C78D1955-2E42-4FDC-9549-3124FB9C6676}.Release|Any CPU.Build.0 = Release|Any CPU
		{DD6842CD-D37A-453B-ABD1-E5765DC69B16}.Debug|Any CPU.ActiveCfg = Debug|Any CPU
		{DD6842CD-D37A-453B-ABD1-E5765DC69B16}.Debug|Any CPU.Build.0 = Debug|Any CPU
		{DD6842CD-D37A-453B-ABD1-E5765DC69B16}.Release|Any CPU.ActiveCfg = Release|Any CPU
		{DD6842CD-D37A-453B-ABD1-E5765DC69B16}.Release|Any CPU.Build.0 = Release|Any CPU
		{EB410F73-F889-4222-B90D-610191D10EAB}.Debug|Any CPU.ActiveCfg = Debug|Any CPU
		{EB410F73-F889-4222-B90D-610191D10EAB}.Debug|Any CPU.Build.0 = Debug|Any CPU
		{EB410F73-F889-4222-B90D-610191D10EAB}.Release|Any CPU.ActiveCfg = Release|Any CPU
		{EB410F73-F889-4222-B90D-610191D10EAB}.Release|Any CPU.Build.0 = Release|Any CPU
		{AFAE00E2-050E-4F42-BCEA-427BD560C20E}.Debug|Any CPU.ActiveCfg = Debug|Any CPU
		{AFAE00E2-050E-4F42-BCEA-427BD560C20E}.Debug|Any CPU.Build.0 = Debug|Any CPU
		{AFAE00E2-050E-4F42-BCEA-427BD560C20E}.Release|Any CPU.ActiveCfg = Release|Any CPU
		{AFAE00E2-050E-4F42-BCEA-427BD560C20E}.Release|Any CPU.Build.0 = Release|Any CPU
		{78FA618E-5121-448C-96D7-78E5230967DB}.Debug|Any CPU.ActiveCfg = Debug|Any CPU
		{78FA618E-5121-448C-96D7-78E5230967DB}.Debug|Any CPU.Build.0 = Debug|Any CPU
		{78FA618E-5121-448C-96D7-78E5230967DB}.Release|Any CPU.ActiveCfg = Release|Any CPU
		{78FA618E-5121-448C-96D7-78E5230967DB}.Release|Any CPU.Build.0 = Release|Any CPU
		{1AFE1CDA-F93F-4C4E-99D0-E8BD0FB1387A}.Debug|Any CPU.ActiveCfg = Debug|Any CPU
		{1AFE1CDA-F93F-4C4E-99D0-E8BD0FB1387A}.Debug|Any CPU.Build.0 = Debug|Any CPU
		{1AFE1CDA-F93F-4C4E-99D0-E8BD0FB1387A}.Release|Any CPU.ActiveCfg = Release|Any CPU
		{1AFE1CDA-F93F-4C4E-99D0-E8BD0FB1387A}.Release|Any CPU.Build.0 = Release|Any CPU
		{A139D3D3-4981-4CDD-B069-659DDD05F56D}.Debug|Any CPU.ActiveCfg = Debug|Any CPU
		{A139D3D3-4981-4CDD-B069-659DDD05F56D}.Debug|Any CPU.Build.0 = Debug|Any CPU
		{A139D3D3-4981-4CDD-B069-659DDD05F56D}.Release|Any CPU.ActiveCfg = Release|Any CPU
		{A139D3D3-4981-4CDD-B069-659DDD05F56D}.Release|Any CPU.Build.0 = Release|Any CPU
		{044511A3-E2FD-4052-B8FE-8DFC7196F78C}.Debug|Any CPU.ActiveCfg = Debug|Any CPU
		{044511A3-E2FD-4052-B8FE-8DFC7196F78C}.Debug|Any CPU.Build.0 = Debug|Any CPU
		{044511A3-E2FD-4052-B8FE-8DFC7196F78C}.Release|Any CPU.ActiveCfg = Release|Any CPU
		{044511A3-E2FD-4052-B8FE-8DFC7196F78C}.Release|Any CPU.Build.0 = Release|Any CPU
		{3CBD0DC9-A136-4C44-909C-464554DED451}.Debug|Any CPU.ActiveCfg = Debug|Any CPU
		{3CBD0DC9-A136-4C44-909C-464554DED451}.Debug|Any CPU.Build.0 = Debug|Any CPU
		{3CBD0DC9-A136-4C44-909C-464554DED451}.Release|Any CPU.ActiveCfg = Release|Any CPU
		{3CBD0DC9-A136-4C44-909C-464554DED451}.Release|Any CPU.Build.0 = Release|Any CPU
		{7F925EFE-01CC-4EEF-8BF6-B1417B1FEFBE}.Debug|Any CPU.ActiveCfg = Debug|Any CPU
		{7F925EFE-01CC-4EEF-8BF6-B1417B1FEFBE}.Debug|Any CPU.Build.0 = Debug|Any CPU
		{7F925EFE-01CC-4EEF-8BF6-B1417B1FEFBE}.Release|Any CPU.ActiveCfg = Release|Any CPU
		{7F925EFE-01CC-4EEF-8BF6-B1417B1FEFBE}.Release|Any CPU.Build.0 = Release|Any CPU
		{011AAA7B-1FFD-410C-A758-CF844DB35BAF}.Debug|Any CPU.ActiveCfg = Debug|Any CPU
		{011AAA7B-1FFD-410C-A758-CF844DB35BAF}.Debug|Any CPU.Build.0 = Debug|Any CPU
		{011AAA7B-1FFD-410C-A758-CF844DB35BAF}.Release|Any CPU.ActiveCfg = Release|Any CPU
		{011AAA7B-1FFD-410C-A758-CF844DB35BAF}.Release|Any CPU.Build.0 = Release|Any CPU
		{E1A40393-48C0-4135-AFFB-D6A5C7277869}.Debug|Any CPU.ActiveCfg = Debug|Any CPU
		{E1A40393-48C0-4135-AFFB-D6A5C7277869}.Debug|Any CPU.Build.0 = Debug|Any CPU
		{E1A40393-48C0-4135-AFFB-D6A5C7277869}.Release|Any CPU.ActiveCfg = Release|Any CPU
		{E1A40393-48C0-4135-AFFB-D6A5C7277869}.Release|Any CPU.Build.0 = Release|Any CPU
		{1142A246-8A95-4072-8C66-A91D17A49BDB}.Debug|Any CPU.ActiveCfg = Debug|Any CPU
		{1142A246-8A95-4072-8C66-A91D17A49BDB}.Debug|Any CPU.Build.0 = Debug|Any CPU
		{1142A246-8A95-4072-8C66-A91D17A49BDB}.Release|Any CPU.ActiveCfg = Release|Any CPU
		{1142A246-8A95-4072-8C66-A91D17A49BDB}.Release|Any CPU.Build.0 = Release|Any CPU
		{A4B0851B-92D8-407D-8A17-7D5738076526}.Debug|Any CPU.ActiveCfg = Debug|Any CPU
		{A4B0851B-92D8-407D-8A17-7D5738076526}.Debug|Any CPU.Build.0 = Debug|Any CPU
		{A4B0851B-92D8-407D-8A17-7D5738076526}.Release|Any CPU.ActiveCfg = Release|Any CPU
		{A4B0851B-92D8-407D-8A17-7D5738076526}.Release|Any CPU.Build.0 = Release|Any CPU
		{0BE4CA71-BC31-4C30-95F8-1E4E62AFB23B}.Debug|Any CPU.ActiveCfg = Debug|Any CPU
		{0BE4CA71-BC31-4C30-95F8-1E4E62AFB23B}.Debug|Any CPU.Build.0 = Debug|Any CPU
		{0BE4CA71-BC31-4C30-95F8-1E4E62AFB23B}.Release|Any CPU.ActiveCfg = Release|Any CPU
		{0BE4CA71-BC31-4C30-95F8-1E4E62AFB23B}.Release|Any CPU.Build.0 = Release|Any CPU
		{21F10304-8D0C-4B52-A1D8-0029CF2C75D5}.Debug|Any CPU.ActiveCfg = Debug|Any CPU
		{21F10304-8D0C-4B52-A1D8-0029CF2C75D5}.Debug|Any CPU.Build.0 = Debug|Any CPU
		{21F10304-8D0C-4B52-A1D8-0029CF2C75D5}.Release|Any CPU.ActiveCfg = Release|Any CPU
		{21F10304-8D0C-4B52-A1D8-0029CF2C75D5}.Release|Any CPU.Build.0 = Release|Any CPU
		{38252584-86FA-477B-9085-0159953E6BB4}.Debug|Any CPU.ActiveCfg = Debug|Any CPU
		{38252584-86FA-477B-9085-0159953E6BB4}.Debug|Any CPU.Build.0 = Debug|Any CPU
		{38252584-86FA-477B-9085-0159953E6BB4}.Release|Any CPU.ActiveCfg = Release|Any CPU
		{38252584-86FA-477B-9085-0159953E6BB4}.Release|Any CPU.Build.0 = Release|Any CPU
	EndGlobalSection
	GlobalSection(NestedProjects) = preSolution
		{C78D1955-2E42-4FDC-9549-3124FB9C6676} = {C454BEB4-09CA-4191-AB67-7EEEDB3FE329}
		{DD6842CD-D37A-453B-ABD1-E5765DC69B16} = {C454BEB4-09CA-4191-AB67-7EEEDB3FE329}
		{EB410F73-F889-4222-B90D-610191D10EAB} = {C454BEB4-09CA-4191-AB67-7EEEDB3FE329}
		{5E824384-7410-4261-9D4E-9F10C3AF1C56} = {A26A84FC-06BF-45BA-B671-E0D9B96C7506}
		{AFAE00E2-050E-4F42-BCEA-427BD560C20E} = {5E824384-7410-4261-9D4E-9F10C3AF1C56}
		{B5F7D07D-3B30-4626-9040-8588143C7BF5} = {A26A84FC-06BF-45BA-B671-E0D9B96C7506}
		{78FA618E-5121-448C-96D7-78E5230967DB} = {B5F7D07D-3B30-4626-9040-8588143C7BF5}
		{1AFE1CDA-F93F-4C4E-99D0-E8BD0FB1387A} = {B5F7D07D-3B30-4626-9040-8588143C7BF5}
		{A139D3D3-4981-4CDD-B069-659DDD05F56D} = {B5F7D07D-3B30-4626-9040-8588143C7BF5}
		{044511A3-E2FD-4052-B8FE-8DFC7196F78C} = {B5F7D07D-3B30-4626-9040-8588143C7BF5}
		{3CBD0DC9-A136-4C44-909C-464554DED451} = {B5F7D07D-3B30-4626-9040-8588143C7BF5}
		{7F925EFE-01CC-4EEF-8BF6-B1417B1FEFBE} = {B5F7D07D-3B30-4626-9040-8588143C7BF5}
		{011AAA7B-1FFD-410C-A758-CF844DB35BAF} = {B5F7D07D-3B30-4626-9040-8588143C7BF5}
		{E1A40393-48C0-4135-AFFB-D6A5C7277869} = {B5F7D07D-3B30-4626-9040-8588143C7BF5}
		{1142A246-8A95-4072-8C66-A91D17A49BDB} = {B5F7D07D-3B30-4626-9040-8588143C7BF5}
		{A4B0851B-92D8-407D-8A17-7D5738076526} = {B5F7D07D-3B30-4626-9040-8588143C7BF5}
		{0BE4CA71-BC31-4C30-95F8-1E4E62AFB23B} = {B5F7D07D-3B30-4626-9040-8588143C7BF5}
		{21F10304-8D0C-4B52-A1D8-0029CF2C75D5} = {B5F7D07D-3B30-4626-9040-8588143C7BF5}
		{F2DFF43D-B94E-40E6-A589-64CE538B671F} = {634E1A55-C9D3-4273-AA46-8CEDEE204C79}
		{38252584-86FA-477B-9085-0159953E6BB4} = {F2DFF43D-B94E-40E6-A589-64CE538B671F}
	EndGlobalSection
EndGlobal
